
Microsoft Visual Studio Solution File, Format Version 12.00
# Visual Studio Version 16
VisualStudioVersion = 16.0.29009.5
MinimumVisualStudioVersion = 10.0.40219.1
Project("{FAE04EC0-301F-11D3-BF4B-00C04F79EFBC}") = "XmlSerialization", "XmlSerialization\XmlSerialization.csproj", "{4D224092-523B-41F3-B870-1C0976C19616}"
EndProject
Global
	GlobalSection(SolutionConfigurationPlatforms) = preSolution
		Debug|Any CPU = Debug|Any CPU
		Release|Any CPU = Release|Any CPU
	EndGlobalSection
	GlobalSection(ProjectConfigurationPlatforms) = postSolution
		{4D224092-523B-41F3-B870-1C0976C19616}.Debug|Any CPU.ActiveCfg = Debug|Any CPU
		{4D224092-523B-41F3-B870-1C0976C19616}.Debug|Any CPU.Build.0 = Debug|Any CPU
		{4D224092-523B-41F3-B870-1C0976C19616}.Release|Any CPU.ActiveCfg = Release|Any CPU
		{4D224092-523B-41F3-B870-1C0976C19616}.Release|Any CPU.Build.0 = Release|Any CPU
	EndGlobalSection
	GlobalSection(SolutionProperties) = preSolution
		HideSolutionNode = FALSE
	EndGlobalSection
	GlobalSection(ExtensibilityGlobals) = postSolution
		SolutionGuid = {BF365ABE-D3C3-4C3C-BD88-5C1DFDDEAB35}
	EndGlobalSection
EndGlobal
