
Microsoft Visual Studio Solution File, Format Version 12.00
# Visual Studio Version 16
VisualStudioVersion = 16.0.29728.190
MinimumVisualStudioVersion = 10.0.40219.1
Project("{FAE04EC0-301F-11D3-BF4B-00C04F79EFBC}") = "ConsumeContactService", "ConsumeContactService\ConsumeContactService.csproj", "{97057D27-9DC9-4BE1-B323-2A036DBE54DC}"
EndProject
Global
	GlobalSection(SolutionConfigurationPlatforms) = preSolution
		Debug|Any CPU = Debug|Any CPU
		Release|Any CPU = Release|Any CPU
	EndGlobalSection
	GlobalSection(ProjectConfigurationPlatforms) = postSolution
		{97057D27-9DC9-4BE1-B323-2A036DBE54DC}.Debug|Any CPU.ActiveCfg = Debug|Any CPU
		{97057D27-9DC9-4BE1-B323-2A036DBE54DC}.Debug|Any CPU.Build.0 = Debug|Any CPU
		{97057D27-9DC9-4BE1-B323-2A036DBE54DC}.Release|Any CPU.ActiveCfg = Release|Any CPU
		{97057D27-9DC9-4BE1-B323-2A036DBE54DC}.Release|Any CPU.Build.0 = Release|Any CPU
	EndGlobalSection
	GlobalSection(SolutionProperties) = preSolution
		HideSolutionNode = FALSE
	EndGlobalSection
	GlobalSection(ExtensibilityGlobals) = postSolution
		SolutionGuid = {FCD68B80-7D2A-4792-ADD4-E53ED35E9714}
	EndGlobalSection
EndGlobal
